// !$*UTF8*$!
{
	archiveVersion = 1;
	classes = {
	};
	objectVersion = 55;
	objects = {

/* Begin PBXBuildFile section */
		45747731290E7EB8002F7386 /* LoginViewController.swift in Sources */ = {isa = PBXBuildFile; fileRef = 45747730290E7EB8002F7386 /* LoginViewController.swift */; };
		45747733290E7EFC002F7386 /* HomeViewController.swift in Sources */ = {isa = PBXBuildFile; fileRef = 45747732290E7EFC002F7386 /* HomeViewController.swift */; };
		45747735290E7F23002F7386 /* LikedViewController.swift in Sources */ = {isa = PBXBuildFile; fileRef = 45747734290E7F23002F7386 /* LikedViewController.swift */; };
		45747737290E7F2F002F7386 /* RecommendationsViewController.swift in Sources */ = {isa = PBXBuildFile; fileRef = 45747736290E7F2F002F7386 /* RecommendationsViewController.swift */; };
		4579CF302907FD52000B77B6 /* AppDelegate.swift in Sources */ = {isa = PBXBuildFile; fileRef = 4579CF2F2907FD52000B77B6 /* AppDelegate.swift */; };
		4579CF322907FD52000B77B6 /* SceneDelegate.swift in Sources */ = {isa = PBXBuildFile; fileRef = 4579CF312907FD52000B77B6 /* SceneDelegate.swift */; };
		4579CF372907FD52000B77B6 /* Main.storyboard in Resources */ = {isa = PBXBuildFile; fileRef = 4579CF352907FD52000B77B6 /* Main.storyboard */; };
		4579CF392907FD58000B77B6 /* Assets.xcassets in Resources */ = {isa = PBXBuildFile; fileRef = 4579CF382907FD58000B77B6 /* Assets.xcassets */; };
		4579CF3C2907FD58000B77B6 /* LaunchScreen.storyboard in Resources */ = {isa = PBXBuildFile; fileRef = 4579CF3A2907FD58000B77B6 /* LaunchScreen.storyboard */; };
		577CCF8E618E52E8F8C1665E /* Pods_TinderforMedia.framework in Frameworks */ = {isa = PBXBuildFile; fileRef = 8FECF018A793AD844A54EB3C /* Pods_TinderforMedia.framework */; };
/* End PBXBuildFile section */

/* Begin PBXFileReference section */
		45747730290E7EB8002F7386 /* LoginViewController.swift */ = {isa = PBXFileReference; lastKnownFileType = sourcecode.swift; path = LoginViewController.swift; sourceTree = "<group>"; };
		45747732290E7EFC002F7386 /* HomeViewController.swift */ = {isa = PBXFileReference; lastKnownFileType = sourcecode.swift; path = HomeViewController.swift; sourceTree = "<group>"; };
		45747734290E7F23002F7386 /* LikedViewController.swift */ = {isa = PBXFileReference; lastKnownFileType = sourcecode.swift; path = LikedViewController.swift; sourceTree = "<group>"; };
		45747736290E7F2F002F7386 /* RecommendationsViewController.swift */ = {isa = PBXFileReference; lastKnownFileType = sourcecode.swift; path = RecommendationsViewController.swift; sourceTree = "<group>"; };
		4579CF2C2907FD52000B77B6 /* TinderforMedia.app */ = {isa = PBXFileReference; explicitFileType = wrapper.application; includeInIndex = 0; path = TinderforMedia.app; sourceTree = BUILT_PRODUCTS_DIR; };
		4579CF2F2907FD52000B77B6 /* AppDelegate.swift */ = {isa = PBXFileReference; lastKnownFileType = sourcecode.swift; path = AppDelegate.swift; sourceTree = "<group>"; };
		4579CF312907FD52000B77B6 /* SceneDelegate.swift */ = {isa = PBXFileReference; lastKnownFileType = sourcecode.swift; path = SceneDelegate.swift; sourceTree = "<group>"; };
		4579CF362907FD52000B77B6 /* Base */ = {isa = PBXFileReference; lastKnownFileType = file.storyboard; name = Base; path = Base.lproj/Main.storyboard; sourceTree = "<group>"; };
		4579CF382907FD58000B77B6 /* Assets.xcassets */ = {isa = PBXFileReference; lastKnownFileType = folder.assetcatalog; path = Assets.xcassets; sourceTree = "<group>"; };
		4579CF3B2907FD58000B77B6 /* Base */ = {isa = PBXFileReference; lastKnownFileType = file.storyboard; name = Base; path = Base.lproj/LaunchScreen.storyboard; sourceTree = "<group>"; };
		4579CF3D2907FD58000B77B6 /* Info.plist */ = {isa = PBXFileReference; lastKnownFileType = text.plist.xml; path = Info.plist; sourceTree = "<group>"; };
		80A5988ED7A245FC36E854EE /* Pods-TinderforMedia.release.xcconfig */ = {isa = PBXFileReference; includeInIndex = 1; lastKnownFileType = text.xcconfig; name = "Pods-TinderforMedia.release.xcconfig"; path = "Target Support Files/Pods-TinderforMedia/Pods-TinderforMedia.release.xcconfig"; sourceTree = "<group>"; };
		8FECF018A793AD844A54EB3C /* Pods_TinderforMedia.framework */ = {isa = PBXFileReference; explicitFileType = wrapper.framework; includeInIndex = 0; path = Pods_TinderforMedia.framework; sourceTree = BUILT_PRODUCTS_DIR; };
		FEDCB361F953BDBC78E3BD63 /* Pods-TinderforMedia.debug.xcconfig */ = {isa = PBXFileReference; includeInIndex = 1; lastKnownFileType = text.xcconfig; name = "Pods-TinderforMedia.debug.xcconfig"; path = "Target Support Files/Pods-TinderforMedia/Pods-TinderforMedia.debug.xcconfig"; sourceTree = "<group>"; };
/* End PBXFileReference section */

/* Begin PBXFrameworksBuildPhase section */
		4579CF292907FD52000B77B6 /* Frameworks */ = {
			isa = PBXFrameworksBuildPhase;
			buildActionMask = 2147483647;
			files = (
				577CCF8E618E52E8F8C1665E /* Pods_TinderforMedia.framework in Frameworks */,
			);
			runOnlyForDeploymentPostprocessing = 0;
		};
/* End PBXFrameworksBuildPhase section */

/* Begin PBXGroup section */
		0EFFC1EA8C3CA91057F8B291 /* Pods */ = {
			isa = PBXGroup;
			children = (
				FEDCB361F953BDBC78E3BD63 /* Pods-TinderforMedia.debug.xcconfig */,
				80A5988ED7A245FC36E854EE /* Pods-TinderforMedia.release.xcconfig */,
			);
			path = Pods;
			sourceTree = "<group>";
		};
		4579CF232907FD52000B77B6 = {
			isa = PBXGroup;
			children = (
				4579CF2E2907FD52000B77B6 /* TinderforMedia */,
				4579CF2D2907FD52000B77B6 /* Products */,
				0EFFC1EA8C3CA91057F8B291 /* Pods */,
				EBCAF9B373E5DF08AEE83DFB /* Frameworks */,
			);
			sourceTree = "<group>";
		};
		4579CF2D2907FD52000B77B6 /* Products */ = {
			isa = PBXGroup;
			children = (
				4579CF2C2907FD52000B77B6 /* TinderforMedia.app */,
			);
			name = Products;
			sourceTree = "<group>";
		};
		4579CF2E2907FD52000B77B6 /* TinderforMedia */ = {
			isa = PBXGroup;
			children = (
				4579CF2F2907FD52000B77B6 /* AppDelegate.swift */,
				4579CF312907FD52000B77B6 /* SceneDelegate.swift */,
				4579CF352907FD52000B77B6 /* Main.storyboard */,
				4579CF382907FD58000B77B6 /* Assets.xcassets */,
				4579CF3A2907FD58000B77B6 /* LaunchScreen.storyboard */,
				4579CF3D2907FD58000B77B6 /* Info.plist */,
				45747730290E7EB8002F7386 /* LoginViewController.swift */,
				45747732290E7EFC002F7386 /* HomeViewController.swift */,
				45747734290E7F23002F7386 /* LikedViewController.swift */,
				45747736290E7F2F002F7386 /* RecommendationsViewController.swift */,
			);
			path = TinderforMedia;
			sourceTree = "<group>";
		};
		EBCAF9B373E5DF08AEE83DFB /* Frameworks */ = {
			isa = PBXGroup;
			children = (
				8FECF018A793AD844A54EB3C /* Pods_TinderforMedia.framework */,
			);
			name = Frameworks;
			sourceTree = "<group>";
		};
/* End PBXGroup section */

/* Begin PBXNativeTarget section */
		4579CF2B2907FD52000B77B6 /* TinderforMedia */ = {
			isa = PBXNativeTarget;
			buildConfigurationList = 4579CF402907FD58000B77B6 /* Build configuration list for PBXNativeTarget "TinderforMedia" */;
			buildPhases = (
				162708A41F60BAF604673F41 /* [CP] Check Pods Manifest.lock */,
				4579CF282907FD52000B77B6 /* Sources */,
				4579CF292907FD52000B77B6 /* Frameworks */,
				4579CF2A2907FD52000B77B6 /* Resources */,
				D079F2BFA88B951DF5C95C8E /* [CP] Embed Pods Frameworks */,
			);
			buildRules = (
			);
			dependencies = (
			);
			name = TinderforMedia;
			productName = TinderforMedia;
			productReference = 4579CF2C2907FD52000B77B6 /* TinderforMedia.app */;
			productType = "com.apple.product-type.application";
		};
/* End PBXNativeTarget section */

/* Begin PBXProject section */
		4579CF242907FD52000B77B6 /* Project object */ = {
			isa = PBXProject;
			attributes = {
				BuildIndependentTargetsInParallel = 1;
				LastSwiftUpdateCheck = 1340;
				LastUpgradeCheck = 1340;
				TargetAttributes = {
					4579CF2B2907FD52000B77B6 = {
						CreatedOnToolsVersion = 13.4.1;
					};
				};
			};
			buildConfigurationList = 4579CF272907FD52000B77B6 /* Build configuration list for PBXProject "TinderforMedia" */;
			compatibilityVersion = "Xcode 13.0";
			developmentRegion = en;
			hasScannedForEncodings = 0;
			knownRegions = (
				en,
				Base,
			);
			mainGroup = 4579CF232907FD52000B77B6;
			productRefGroup = 4579CF2D2907FD52000B77B6 /* Products */;
			projectDirPath = "";
			projectRoot = "";
			targets = (
				4579CF2B2907FD52000B77B6 /* TinderforMedia */,
			);
		};
/* End PBXProject section */

/* Begin PBXResourcesBuildPhase section */
		4579CF2A2907FD52000B77B6 /* Resources */ = {
			isa = PBXResourcesBuildPhase;
			buildActionMask = 2147483647;
			files = (
				4579CF3C2907FD58000B77B6 /* LaunchScreen.storyboard in Resources */,
				4579CF392907FD58000B77B6 /* Assets.xcassets in Resources */,
				4579CF372907FD52000B77B6 /* Main.storyboard in Resources */,
			);
			runOnlyForDeploymentPostprocessing = 0;
		};
/* End PBXResourcesBuildPhase section */

/* Begin PBXShellScriptBuildPhase section */
		162708A41F60BAF604673F41 /* [CP] Check Pods Manifest.lock */ = {
			isa = PBXShellScriptBuildPhase;
			buildActionMask = 2147483647;
			files = (
			);
			inputFileListPaths = (
			);
			inputPaths = (
				"${PODS_PODFILE_DIR_PATH}/Podfile.lock",
				"${PODS_ROOT}/Manifest.lock",
			);
			name = "[CP] Check Pods Manifest.lock";
			outputFileListPaths = (
			);
			outputPaths = (
				"$(DERIVED_FILE_DIR)/Pods-TinderforMedia-checkManifestLockResult.txt",
			);
			runOnlyForDeploymentPostprocessing = 0;
			shellPath = /bin/sh;
			shellScript = "diff \"${PODS_PODFILE_DIR_PATH}/Podfile.lock\" \"${PODS_ROOT}/Manifest.lock\" > /dev/null\nif [ $? != 0 ] ; then\n    # print error to STDERR\n    echo \"error: The sandbox is not in sync with the Podfile.lock. Run 'pod install' or update your CocoaPods installation.\" >&2\n    exit 1\nfi\n# This output is used by Xcode 'outputs' to avoid re-running this script phase.\necho \"SUCCESS\" > \"${SCRIPT_OUTPUT_FILE_0}\"\n";
			showEnvVarsInLog = 0;
		};
		D079F2BFA88B951DF5C95C8E /* [CP] Embed Pods Frameworks */ = {
			isa = PBXShellScriptBuildPhase;
			buildActionMask = 2147483647;
			files = (
			);
			inputFileListPaths = (
				"${PODS_ROOT}/Target Support Files/Pods-TinderforMedia/Pods-TinderforMedia-frameworks-${CONFIGURATION}-input-files.xcfilelist",
			);
			name = "[CP] Embed Pods Frameworks";
			outputFileListPaths = (
				"${PODS_ROOT}/Target Support Files/Pods-TinderforMedia/Pods-TinderforMedia-frameworks-${CONFIGURATION}-output-files.xcfilelist",
			);
			runOnlyForDeploymentPostprocessing = 0;
			shellPath = /bin/sh;
			shellScript = "\"${PODS_ROOT}/Target Support Files/Pods-TinderforMedia/Pods-TinderforMedia-frameworks.sh\"\n";
			showEnvVarsInLog = 0;
		};
/* End PBXShellScriptBuildPhase section */

/* Begin PBXSourcesBuildPhase section */
		4579CF282907FD52000B77B6 /* Sources */ = {
			isa = PBXSourcesBuildPhase;
			buildActionMask = 2147483647;
			files = (
				45747731290E7EB8002F7386 /* LoginViewController.swift in Sources */,
				4579CF302907FD52000B77B6 /* AppDelegate.swift in Sources */,
				4579CF322907FD52000B77B6 /* SceneDelegate.swift in Sources */,
				45747737290E7F2F002F7386 /* RecommendationsViewController.swift in Sources */,
				45747733290E7EFC002F7386 /* HomeViewController.swift in Sources */,
				45747735290E7F23002F7386 /* LikedViewController.swift in Sources */,
			);
			runOnlyForDeploymentPostprocessing = 0;
		};
/* End PBXSourcesBuildPhase section */

/* Begin PBXVariantGroup section */
		4579CF352907FD52000B77B6 /* Main.storyboard */ = {
			isa = PBXVariantGroup;
			children = (
				4579CF362907FD52000B77B6 /* Base */,
			);
			name = Main.storyboard;
			sourceTree = "<group>";
		};
		4579CF3A2907FD58000B77B6 /* LaunchScreen.storyboard */ = {
			isa = PBXVariantGroup;
			children = (
				4579CF3B2907FD58000B77B6 /* Base */,
			);
			name = LaunchScreen.storyboard;
			sourceTree = "<group>";
		};
/* End PBXVariantGroup section */

/* Begin XCBuildConfiguration section */
		4579CF3E2907FD58000B77B6 /* Debug */ = {
			isa = XCBuildConfiguration;
			buildSettings = {
				ALWAYS_SEARCH_USER_PATHS = NO;
				CLANG_ANALYZER_NONNULL = YES;
				CLANG_ANALYZER_NUMBER_OBJECT_CONVERSION = YES_AGGRESSIVE;
				CLANG_CXX_LANGUAGE_STANDARD = "gnu++17";
				CLANG_ENABLE_MODULES = YES;
				CLANG_ENABLE_OBJC_ARC = YES;
				CLANG_ENABLE_OBJC_WEAK = YES;
				CLANG_WARN_BLOCK_CAPTURE_AUTORELEASING = YES;
				CLANG_WARN_BOOL_CONVERSION = YES;
				CLANG_WARN_COMMA = YES;
				CLANG_WARN_CONSTANT_CONVERSION = YES;
				CLANG_WARN_DEPRECATED_OBJC_IMPLEMENTATIONS = YES;
				CLANG_WARN_DIRECT_OBJC_ISA_USAGE = YES_ERROR;
				CLANG_WARN_DOCUMENTATION_COMMENTS = YES;
				CLANG_WARN_EMPTY_BODY = YES;
				CLANG_WARN_ENUM_CONVERSION = YES;
				CLANG_WARN_INFINITE_RECURSION = YES;
				CLANG_WARN_INT_CONVERSION = YES;
				CLANG_WARN_NON_LITERAL_NULL_CONVERSION = YES;
				CLANG_WARN_OBJC_IMPLICIT_RETAIN_SELF = YES;
				CLANG_WARN_OBJC_LITERAL_CONVERSION = YES;
				CLANG_WARN_OBJC_ROOT_CLASS = YES_ERROR;
				CLANG_WARN_QUOTED_INCLUDE_IN_FRAMEWORK_HEADER = YES;
				CLANG_WARN_RANGE_LOOP_ANALYSIS = YES;
				CLANG_WARN_STRICT_PROTOTYPES = YES;
				CLANG_WARN_SUSPICIOUS_MOVE = YES;
				CLANG_WARN_UNGUARDED_AVAILABILITY = YES_AGGRESSIVE;
				CLANG_WARN_UNREACHABLE_CODE = YES;
				CLANG_WARN__DUPLICATE_METHOD_MATCH = YES;
				COPY_PHASE_STRIP = NO;
				DEBUG_INFORMATION_FORMAT = dwarf;
				ENABLE_STRICT_OBJC_MSGSEND = YES;
				ENABLE_TESTABILITY = YES;
				GCC_C_LANGUAGE_STANDARD = gnu11;
				GCC_DYNAMIC_NO_PIC = NO;
				GCC_NO_COMMON_BLOCKS = YES;
				GCC_OPTIMIZATION_LEVEL = 0;
				GCC_PREPROCESSOR_DEFINITIONS = (
					"DEBUG=1",
					"$(inherited)",
				);
				GCC_WARN_64_TO_32_BIT_CONVERSION = YES;
				GCC_WARN_ABOUT_RETURN_TYPE = YES_ERROR;
				GCC_WARN_UNDECLARED_SELECTOR = YES;
				GCC_WARN_UNINITIALIZED_AUTOS = YES_AGGRESSIVE;
				GCC_WARN_UNUSED_FUNCTION = YES;
				GCC_WARN_UNUSED_VARIABLE = YES;
				IPHONEOS_DEPLOYMENT_TARGET = 15.5;
				MTL_ENABLE_DEBUG_INFO = INCLUDE_SOURCE;
				MTL_FAST_MATH = YES;
				ONLY_ACTIVE_ARCH = YES;
				SDKROOT = iphoneos;
				SWIFT_ACTIVE_COMPILATION_CONDITIONS = DEBUG;
				SWIFT_OPTIMIZATION_LEVEL = "-Onone";
			};
			name = Debug;
		};
		4579CF3F2907FD58000B77B6 /* Release */ = {
			isa = XCBuildConfiguration;
			buildSettings = {
				ALWAYS_SEARCH_USER_PATHS = NO;
				CLANG_ANALYZER_NONNULL = YES;
				CLANG_ANALYZER_NUMBER_OBJECT_CONVERSION = YES_AGGRESSIVE;
				CLANG_CXX_LANGUAGE_STANDARD = "gnu++17";
				CLANG_ENABLE_MODULES = YES;
				CLANG_ENABLE_OBJC_ARC = YES;
				CLANG_ENABLE_OBJC_WEAK = YES;
				CLANG_WARN_BLOCK_CAPTURE_AUTORELEASING = YES;
				CLANG_WARN_BOOL_CONVERSION = YES;
				CLANG_WARN_COMMA = YES;
				CLANG_WARN_CONSTANT_CONVERSION = YES;
				CLANG_WARN_DEPRECATED_OBJC_IMPLEMENTATIONS = YES;
				CLANG_WARN_DIRECT_OBJC_ISA_USAGE = YES_ERROR;
				CLANG_WARN_DOCUMENTATION_COMMENTS = YES;
				CLANG_WARN_EMPTY_BODY = YES;
				CLANG_WARN_ENUM_CONVERSION = YES;
				CLANG_WARN_INFINITE_RECURSION = YES;
				CLANG_WARN_INT_CONVERSION = YES;
				CLANG_WARN_NON_LITERAL_NULL_CONVERSION = YES;
				CLANG_WARN_OBJC_IMPLICIT_RETAIN_SELF = YES;
				CLANG_WARN_OBJC_LITERAL_CONVERSION = YES;
				CLANG_WARN_OBJC_ROOT_CLASS = YES_ERROR;
				CLANG_WARN_QUOTED_INCLUDE_IN_FRAMEWORK_HEADER = YES;
				CLANG_WARN_RANGE_LOOP_ANALYSIS = YES;
				CLANG_WARN_STRICT_PROTOTYPES = YES;
				CLANG_WARN_SUSPICIOUS_MOVE = YES;
				CLANG_WARN_UNGUARDED_AVAILABILITY = YES_AGGRESSIVE;
				CLANG_WARN_UNREACHABLE_CODE = YES;
				CLANG_WARN__DUPLICATE_METHOD_MATCH = YES;
				COPY_PHASE_STRIP = NO;
				DEBUG_INFORMATION_FORMAT = "dwarf-with-dsym";
				ENABLE_NS_ASSERTIONS = NO;
				ENABLE_STRICT_OBJC_MSGSEND = YES;
				GCC_C_LANGUAGE_STANDARD = gnu11;
				GCC_NO_COMMON_BLOCKS = YES;
				GCC_WARN_64_TO_32_BIT_CONVERSION = YES;
				GCC_WARN_ABOUT_RETURN_TYPE = YES_ERROR;
				GCC_WARN_UNDECLARED_SELECTOR = YES;
				GCC_WARN_UNINITIALIZED_AUTOS = YES_AGGRESSIVE;
				GCC_WARN_UNUSED_FUNCTION = YES;
				GCC_WARN_UNUSED_VARIABLE = YES;
				IPHONEOS_DEPLOYMENT_TARGET = 15.5;
				MTL_ENABLE_DEBUG_INFO = NO;
				MTL_FAST_MATH = YES;
				SDKROOT = iphoneos;
				SWIFT_COMPILATION_MODE = wholemodule;
				SWIFT_OPTIMIZATION_LEVEL = "-O";
				VALIDATE_PRODUCT = YES;
			};
			name = Release;
		};
		4579CF412907FD58000B77B6 /* Debug */ = {
			isa = XCBuildConfiguration;
			baseConfigurationReference = FEDCB361F953BDBC78E3BD63 /* Pods-TinderforMedia.debug.xcconfig */;
			buildSettings = {
				ASSETCATALOG_COMPILER_APPICON_NAME = AppIcon;
				ASSETCATALOG_COMPILER_GLOBAL_ACCENT_COLOR_NAME = AccentColor;
				CODE_SIGN_STYLE = Automatic;
				CURRENT_PROJECT_VERSION = 1;
				DEVELOPMENT_TEAM = 7GV7C68NCU;
				GENERATE_INFOPLIST_FILE = YES;
				INFOPLIST_FILE = TinderforMedia/Info.plist;
				INFOPLIST_KEY_CFBundleDisplayName = "Tinder for Media";
				INFOPLIST_KEY_UIApplicationSupportsIndirectInputEvents = YES;
				INFOPLIST_KEY_UILaunchStoryboardName = LaunchScreen;
				INFOPLIST_KEY_UIMainStoryboardFile = Main;
				INFOPLIST_KEY_UISupportedInterfaceOrientations_iPad = "UIInterfaceOrientationPortrait UIInterfaceOrientationPortraitUpsideDown UIInterfaceOrientationLandscapeLeft UIInterfaceOrientationLandscapeRight";
				INFOPLIST_KEY_UISupportedInterfaceOrientations_iPhone = "UIInterfaceOrientationPortrait UIInterfaceOrientationLandscapeLeft UIInterfaceOrientationLandscapeRight";
				LD_RUNPATH_SEARCH_PATHS = (
					"$(inherited)",
					"@executable_path/Frameworks",
				);
				MARKETING_VERSION = 1.0;
				PRODUCT_BUNDLE_IDENTIFIER = TPI.TinderforMedia;
				PRODUCT_NAME = "$(TARGET_NAME)";
				SWIFT_EMIT_LOC_STRINGS = YES;
				SWIFT_VERSION = 5.0;
				TARGETED_DEVICE_FAMILY = "1,2";
			};
			name = Debug;
		};
		4579CF422907FD58000B77B6 /* Release */ = {
			isa = XCBuildConfiguration;
			baseConfigurationReference = 80A5988ED7A245FC36E854EE /* Pods-TinderforMedia.release.xcconfig */;
			buildSettings = {
				ASSETCATALOG_COMPILER_APPICON_NAME = AppIcon;
				ASSETCATALOG_COMPILER_GLOBAL_ACCENT_COLOR_NAME = AccentColor;
				CODE_SIGN_STYLE = Automatic;
				CURRENT_PROJECT_VERSION = 1;
				DEVELOPMENT_TEAM = 7GV7C68NCU;
				GENERATE_INFOPLIST_FILE = YES;
				INFOPLIST_FILE = TinderforMedia/Info.plist;
				INFOPLIST_KEY_CFBundleDisplayName = "Tinder for Media";
				INFOPLIST_KEY_UIApplicationSupportsIndirectInputEvents = YES;
				INFOPLIST_KEY_UILaunchStoryboardName = LaunchScreen;
				INFOPLIST_KEY_UIMainStoryboardFile = Main;
				INFOPLIST_KEY_UISupportedInterfaceOrientations_iPad = "UIInterfaceOrientationPortrait UIInterfaceOrientationPortraitUpsideDown UIInterfaceOrientationLandscapeLeft UIInterfaceOrientationLandscapeRight";
				INFOPLIST_KEY_UISupportedInterfaceOrientations_iPhone = "UIInterfaceOrientationPortrait UIInterfaceOrientationLandscapeLeft UIInterfaceOrientationLandscapeRight";
				LD_RUNPATH_SEARCH_PATHS = (
					"$(inherited)",
					"@executable_path/Frameworks",
				);
				MARKETING_VERSION = 1.0;
				PRODUCT_BUNDLE_IDENTIFIER = TPI.TinderforMedia;
				PRODUCT_NAME = "$(TARGET_NAME)";
				SWIFT_EMIT_LOC_STRINGS = YES;
				SWIFT_VERSION = 5.0;
				TARGETED_DEVICE_FAMILY = "1,2";
			};
			name = Release;
		};
/* End XCBuildConfiguration section */

/* Begin XCConfigurationList section */
		4579CF272907FD52000B77B6 /* Build configuration list for PBXProject "TinderforMedia" */ = {
			isa = XCConfigurationList;
			buildConfigurations = (
				4579CF3E2907FD58000B77B6 /* Debug */,
				4579CF3F2907FD58000B77B6 /* Release */,
			);
			defaultConfigurationIsVisible = 0;
			defaultConfigurationName = Release;
		};
		4579CF402907FD58000B77B6 /* Build configuration list for PBXNativeTarget "TinderforMedia" */ = {
			isa = XCConfigurationList;
			buildConfigurations = (
				4579CF412907FD58000B77B6 /* Debug */,
				4579CF422907FD58000B77B6 /* Release */,
			);
			defaultConfigurationIsVisible = 0;
			defaultConfigurationName = Release;
		};
/* End XCConfigurationList section */
	};
	rootObject = 4579CF242907FD52000B77B6 /* Project object */;
}
